
Microsoft Visual Studio Solution File, Format Version 12.00
# Visual Studio 15
VisualStudioVersion = 15.0.27130.2020
MinimumVisualStudioVersion = 10.0.40219.1
Project("{9A19103F-16F7-4668-BE54-9A1E7A4F7556}") = "Logic", "Logic\Logic.csproj", "{4B09AF83-2DA0-4AC9-8DEA-FDD7C5550DE1}"
EndProject
Project("{9A19103F-16F7-4668-BE54-9A1E7A4F7556}") = "iExpr.Core", "..\Libs\iExpr.Core\iExpr.Core\iExpr.Core.csproj", "{BD0B35CD-83FB-4057-A8B9-40D7986D2D5A}"
EndProject
Project("{FAE04EC0-301F-11D3-BF4B-00C04F79EFBC}") = "UnitTest", "UnitTest\UnitTest.csproj", "{8D199608-A9A5-4199-8556-39E520ED0F05}"
EndProject
Project("{FAE04EC0-301F-11D3-BF4B-00C04F79EFBC}") = "Math", "Math\Math.csproj", "{17536B71-74C6-46E6-8BA7-6577651B66DE}"
EndProject
Global
	GlobalSection(SolutionConfigurationPlatforms) = preSolution
		Debug|Any CPU = Debug|Any CPU
		Release|Any CPU = Release|Any CPU
	EndGlobalSection
	GlobalSection(ProjectConfigurationPlatforms) = postSolution
		{4B09AF83-2DA0-4AC9-8DEA-FDD7C5550DE1}.Debug|Any CPU.ActiveCfg = Debug|Any CPU
		{4B09AF83-2DA0-4AC9-8DEA-FDD7C5550DE1}.Debug|Any CPU.Build.0 = Debug|Any CPU
		{4B09AF83-2DA0-4AC9-8DEA-FDD7C5550DE1}.Release|Any CPU.ActiveCfg = Release|Any CPU
		{4B09AF83-2DA0-4AC9-8DEA-FDD7C5550DE1}.Release|Any CPU.Build.0 = Release|Any CPU
		{BD0B35CD-83FB-4057-A8B9-40D7986D2D5A}.Debug|Any CPU.ActiveCfg = Debug|Any CPU
		{BD0B35CD-83FB-4057-A8B9-40D7986D2D5A}.Debug|Any CPU.Build.0 = Debug|Any CPU
		{BD0B35CD-83FB-4057-A8B9-40D7986D2D5A}.Release|Any CPU.ActiveCfg = Release|Any CPU
		{BD0B35CD-83FB-4057-A8B9-40D7986D2D5A}.Release|Any CPU.Build.0 = Release|Any CPU
		{8D199608-A9A5-4199-8556-39E520ED0F05}.Debug|Any CPU.ActiveCfg = Debug|Any CPU
		{8D199608-A9A5-4199-8556-39E520ED0F05}.Debug|Any CPU.Build.0 = Debug|Any CPU
		{8D199608-A9A5-4199-8556-39E520ED0F05}.Release|Any CPU.ActiveCfg = Release|Any CPU
		{8D199608-A9A5-4199-8556-39E520ED0F05}.Release|Any CPU.Build.0 = Release|Any CPU
		{17536B71-74C6-46E6-8BA7-6577651B66DE}.Debug|Any CPU.ActiveCfg = Debug|Any CPU
		{17536B71-74C6-46E6-8BA7-6577651B66DE}.Debug|Any CPU.Build.0 = Debug|Any CPU
		{17536B71-74C6-46E6-8BA7-6577651B66DE}.Release|Any CPU.ActiveCfg = Release|Any CPU
		{17536B71-74C6-46E6-8BA7-6577651B66DE}.Release|Any CPU.Build.0 = Release|Any CPU
	EndGlobalSection
	GlobalSection(SolutionProperties) = preSolution
		HideSolutionNode = FALSE
	EndGlobalSection
	GlobalSection(ExtensibilityGlobals) = postSolution
		SolutionGuid = {94B5B09E-AB6E-41B2-B8B4-52162498FAA0}
	EndGlobalSection
EndGlobal
